
Microsoft Visual Studio Solution File, Format Version 12.00
# Visual Studio Version 17
VisualStudioVersion = 17.12.35506.116 d17.12
MinimumVisualStudioVersion = 10.0.40219.1
Project("{FAE04EC0-301F-11D3-BF4B-00C04F79EFBC}") = "SupportAI.API", "SupportAI.API\SupportAI.API.csproj", "{C5A6A14D-148B-47DC-8B9C-AC748A59917E}"
EndProject
Project("{FAE04EC0-301F-11D3-BF4B-00C04F79EFBC}") = "SupportAI.Application", "SupportAI.Application\SupportAI.Application.csproj", "{828078C1-3459-4070-B028-440FB2A603A5}"
EndProject
Project("{FAE04EC0-301F-11D3-BF4B-00C04F79EFBC}") = "SupportAI.Domain", "SupportAI.Domain\SupportAI.Domain.csproj", "{2FA018E8-1A4B-4EDB-A733-EC2682D5681F}"
EndProject
Project("{FAE04EC0-301F-11D3-BF4B-00C04F79EFBC}") = "SupportAI.Infrastructure", "SupportAI.Infrastructure\SupportAI.Infrastructure.csproj", "{658CEB08-520A-45EE-9CC6-E703032C0030}"
EndProject
Project("{FAE04EC0-301F-11D3-BF4B-00C04F79EFBC}") = "SupportAI.ML", "SupportAI.ML\SupportAI.ML.csproj", "{9A35F4DB-A58C-4BE2-BEEB-C0BB46DBE720}"
EndProject
Project("{FAE04EC0-301F-11D3-BF4B-00C04F79EFBC}") = "SupportAI.Shared", "SupportAI.Shared\SupportAI.Shared.csproj", "{E687EF31-5124-4092-9426-6AB78DE0F765}"
EndProject
Project("{2150E333-8FDC-42A3-9474-1A3956D46DE8}") = "src", "src", "{CB526CD4-ABE3-4E0B-BE42-97CA31AE570B}"
EndProject
Project("{2150E333-8FDC-42A3-9474-1A3956D46DE8}") = "test", "test", "{AD649257-4E83-4058-BDA7-43D649619F41}"
EndProject
Global
	GlobalSection(SolutionConfigurationPlatforms) = preSolution
		Debug|Any CPU = Debug|Any CPU
		Release|Any CPU = Release|Any CPU
	EndGlobalSection
	GlobalSection(ProjectConfigurationPlatforms) = postSolution
		{C5A6A14D-148B-47DC-8B9C-AC748A59917E}.Debug|Any CPU.ActiveCfg = Debug|Any CPU
		{C5A6A14D-148B-47DC-8B9C-AC748A59917E}.Debug|Any CPU.Build.0 = Debug|Any CPU
		{C5A6A14D-148B-47DC-8B9C-AC748A59917E}.Release|Any CPU.ActiveCfg = Release|Any CPU
		{C5A6A14D-148B-47DC-8B9C-AC748A59917E}.Release|Any CPU.Build.0 = Release|Any CPU
		{828078C1-3459-4070-B028-440FB2A603A5}.Debug|Any CPU.ActiveCfg = Debug|Any CPU
		{828078C1-3459-4070-B028-440FB2A603A5}.Debug|Any CPU.Build.0 = Debug|Any CPU
		{828078C1-3459-4070-B028-440FB2A603A5}.Release|Any CPU.ActiveCfg = Release|Any CPU
		{828078C1-3459-4070-B028-440FB2A603A5}.Release|Any CPU.Build.0 = Release|Any CPU
		{2FA018E8-1A4B-4EDB-A733-EC2682D5681F}.Debug|Any CPU.ActiveCfg = Debug|Any CPU
		{2FA018E8-1A4B-4EDB-A733-EC2682D5681F}.Debug|Any CPU.Build.0 = Debug|Any CPU
		{2FA018E8-1A4B-4EDB-A733-EC2682D5681F}.Release|Any CPU.ActiveCfg = Release|Any CPU
		{2FA018E8-1A4B-4EDB-A733-EC2682D5681F}.Release|Any CPU.Build.0 = Release|Any CPU
		{658CEB08-520A-45EE-9CC6-E703032C0030}.Debug|Any CPU.ActiveCfg = Debug|Any CPU
		{658CEB08-520A-45EE-9CC6-E703032C0030}.Debug|Any CPU.Build.0 = Debug|Any CPU
		{658CEB08-520A-45EE-9CC6-E703032C0030}.Release|Any CPU.ActiveCfg = Release|Any CPU
		{658CEB08-520A-45EE-9CC6-E703032C0030}.Release|Any CPU.Build.0 = Release|Any CPU
		{9A35F4DB-A58C-4BE2-BEEB-C0BB46DBE720}.Debug|Any CPU.ActiveCfg = Debug|Any CPU
		{9A35F4DB-A58C-4BE2-BEEB-C0BB46DBE720}.Debug|Any CPU.Build.0 = Debug|Any CPU
		{9A35F4DB-A58C-4BE2-BEEB-C0BB46DBE720}.Release|Any CPU.ActiveCfg = Release|Any CPU
		{9A35F4DB-A58C-4BE2-BEEB-C0BB46DBE720}.Release|Any CPU.Build.0 = Release|Any CPU
		{E687EF31-5124-4092-9426-6AB78DE0F765}.Debug|Any CPU.ActiveCfg = Debug|Any CPU
		{E687EF31-5124-4092-9426-6AB78DE0F765}.Debug|Any CPU.Build.0 = Debug|Any CPU
		{E687EF31-5124-4092-9426-6AB78DE0F765}.Release|Any CPU.ActiveCfg = Release|Any CPU
		{E687EF31-5124-4092-9426-6AB78DE0F765}.Release|Any CPU.Build.0 = Release|Any CPU
	EndGlobalSection
	GlobalSection(SolutionProperties) = preSolution
		HideSolutionNode = FALSE
	EndGlobalSection
	GlobalSection(NestedProjects) = preSolution
		{C5A6A14D-148B-47DC-8B9C-AC748A59917E} = {CB526CD4-ABE3-4E0B-BE42-97CA31AE570B}
		{828078C1-3459-4070-B028-440FB2A603A5} = {CB526CD4-ABE3-4E0B-BE42-97CA31AE570B}
		{2FA018E8-1A4B-4EDB-A733-EC2682D5681F} = {CB526CD4-ABE3-4E0B-BE42-97CA31AE570B}
		{658CEB08-520A-45EE-9CC6-E703032C0030} = {CB526CD4-ABE3-4E0B-BE42-97CA31AE570B}
		{9A35F4DB-A58C-4BE2-BEEB-C0BB46DBE720} = {CB526CD4-ABE3-4E0B-BE42-97CA31AE570B}
		{E687EF31-5124-4092-9426-6AB78DE0F765} = {CB526CD4-ABE3-4E0B-BE42-97CA31AE570B}
	EndGlobalSection
EndGlobal
